
Microsoft Visual Studio Solution File, Format Version 12.00
# Visual Studio Version 17
VisualStudioVersion = 17.14.36518.9 d17.14
MinimumVisualStudioVersion = 10.0.40219.1
Project("{FAE04EC0-301F-11D3-BF4B-00C04F79EFBC}") = "QRCode", "QRCode.csproj", "{7E298AC6-7A95-4811-8FAD-909AEA598285}"
EndProject
Global
	GlobalSection(SolutionConfigurationPlatforms) = preSolution
		Debug|Any CPU = Debug|Any CPU
		Release|Any CPU = Release|Any CPU
	EndGlobalSection
	GlobalSection(ProjectConfigurationPlatforms) = postSolution
		{7E298AC6-7A95-4811-8FAD-909AEA598285}.Debug|Any CPU.ActiveCfg = Debug|Any CPU
		{7E298AC6-7A95-4811-8FAD-909AEA598285}.Debug|Any CPU.Build.0 = Debug|Any CPU
		{7E298AC6-7A95-4811-8FAD-909AEA598285}.Release|Any CPU.ActiveCfg = Release|Any CPU
		{7E298AC6-7A95-4811-8FAD-909AEA598285}.Release|Any CPU.Build.0 = Release|Any CPU
	EndGlobalSection
	GlobalSection(SolutionProperties) = preSolution
		HideSolutionNode = FALSE
	EndGlobalSection
	GlobalSection(ExtensibilityGlobals) = postSolution
		SolutionGuid = {7D6752E5-B04F-458E-93DB-FB7672159824}
	EndGlobalSection
EndGlobal
